// !$*UTF8*$!
{
	archiveVersion = 1;
	classes = {
	};
	objectVersion = 46;
	objects = {
		5E618435888B9D49F8540165 = {
			buildActionMask = 2147483647;
			files = (
				);
			isa = PBXShellScriptBuildPhase;
			runOnlyForDeploymentPostprocessing = 0;
			name = "Qt Qmake";
			shellPath = "/bin/sh";
			shellScript = "make -C '/Users/Halcao/Documents/Source Exercise/Qt/VisualSorting/' -f VisualSorting.xcodeproj/qt_makeqmake.mak";
			showEnvVarsInLog = "0";
		};
		3A756C037F21AC304DE015D6 = {
			isa = PBXFileReference;
			path = "/Users/Halcao/Documents/Source Exercise/Qt/VisualSorting/bubblesorter.cpp";
			name = "bubblesorter.cpp";
			sourceTree = "<absolute>";
			lastKnownFileType = "sourcecode.cpp.cpp";
		};
		58F0D288270463BDD94EFFD4 = {
			fileRef = "3A756C037F21AC304DE015D6";
			isa = PBXBuildFile;
			settings = {
				ATTRIBUTES = (
					);
			};
		};
		E8F7DB9BF993926E9DBE291F = {
			isa = PBXFileReference;
			path = "/Users/Halcao/Documents/Source Exercise/Qt/VisualSorting/heapsorter.cpp";
			name = "heapsorter.cpp";
			sourceTree = "<absolute>";
			lastKnownFileType = "sourcecode.cpp.cpp";
		};
		5DB5A69BDE3FAA62D7A45C5F = {
			fileRef = "E8F7DB9BF993926E9DBE291F";
			isa = PBXBuildFile;
			settings = {
				ATTRIBUTES = (
					);
			};
		};
		011543DD36F78B4000FBAB3C = {
			isa = PBXFileReference;
			path = "/Users/Halcao/Documents/Source Exercise/Qt/VisualSorting/main.cpp";
			name = "main.cpp";
			sourceTree = "<absolute>";
			lastKnownFileType = "sourcecode.cpp.cpp";
		};
		1B031F485D4600B74FADEA8A = {
			fileRef = "011543DD36F78B4000FBAB3C";
			isa = PBXBuildFile;
			settings = {
				ATTRIBUTES = (
					);
			};
		};
		5F56B23AA47B4EC45E7B970A = {
			isa = PBXFileReference;
			path = "/Users/Halcao/Documents/Source Exercise/Qt/VisualSorting/mainwindow.cpp";
			name = "mainwindow.cpp";
			sourceTree = "<absolute>";
			lastKnownFileType = "sourcecode.cpp.cpp";
		};
		1656485E38240C18B7140267 = {
			fileRef = "5F56B23AA47B4EC45E7B970A";
			isa = PBXBuildFile;
			settings = {
				ATTRIBUTES = (
					);
			};
		};
		4F14CD6FDB67F1BBD96DF9DE = {
			isa = PBXFileReference;
			path = "/Users/Halcao/Documents/Source Exercise/Qt/VisualSorting/painterpalette.cpp";
			name = "painterpalette.cpp";
			sourceTree = "<absolute>";
			lastKnownFileType = "sourcecode.cpp.cpp";
		};
		E36803F11D945A166177CCDC = {
			fileRef = "4F14CD6FDB67F1BBD96DF9DE";
			isa = PBXBuildFile;
			settings = {
				ATTRIBUTES = (
					);
			};
		};
		3D1FD05EE23C07E33CF4EC43 = {
			isa = PBXFileReference;
			path = "/Users/Halcao/Documents/Source Exercise/Qt/VisualSorting/quicksorter.cpp";
			name = "quicksorter.cpp";
			sourceTree = "<absolute>";
			lastKnownFileType = "sourcecode.cpp.cpp";
		};
		6FD4F174EE6AEFBB4F812B27 = {
			fileRef = "3D1FD05EE23C07E33CF4EC43";
			isa = PBXBuildFile;
			settings = {
				ATTRIBUTES = (
					);
			};
		};
		774A533A100DCD37D8D9562D = {
			isa = PBXFileReference;
			path = "/Users/Halcao/Documents/Source Exercise/Qt/VisualSorting/sorter.cpp";
			name = "sorter.cpp";
			sourceTree = "<absolute>";
			lastKnownFileType = "sourcecode.cpp.cpp";
		};
		5320B778B5213ACAE96A609C = {
			fileRef = "774A533A100DCD37D8D9562D";
			isa = PBXBuildFile;
			settings = {
				ATTRIBUTES = (
					);
			};
		};
		6DA2D93DDDA677342902519D = {
			isa = PBXFileReference;
			path = "/Users/Halcao/Documents/Source Exercise/Qt/VisualSorting/sorterfactory.cpp";
			name = "sorterfactory.cpp";
			sourceTree = "<absolute>";
			lastKnownFileType = "sourcecode.cpp.cpp";
		};
		DF56EF2890B3AE4BB9748D43 = {
			fileRef = "6DA2D93DDDA677342902519D";
			isa = PBXBuildFile;
			settings = {
				ATTRIBUTES = (
					);
			};
		};
		B8DDCC42EC5A585907F73C98 = {
			isa = PBXFileReference;
			path = "/Users/Halcao/Documents/Source Exercise/Qt/VisualSorting/moc_bubblesorter.cpp";
			name = "moc_bubblesorter.cpp";
			sourceTree = "<absolute>";
			lastKnownFileType = "sourcecode.cpp.cpp";
		};
		982433B80F93E107E9C92719 = {
			fileRef = "B8DDCC42EC5A585907F73C98";
			isa = PBXBuildFile;
			settings = {
				ATTRIBUTES = (
					);
			};
		};
		51A6B63996F7C35CCBE523AA = {
			isa = PBXFileReference;
			path = "/Users/Halcao/Documents/Source Exercise/Qt/VisualSorting/moc_mainwindow.cpp";
			name = "moc_mainwindow.cpp";
			sourceTree = "<absolute>";
			lastKnownFileType = "sourcecode.cpp.cpp";
		};
		BC263ED4E80E84255DE99B82 = {
			fileRef = "51A6B63996F7C35CCBE523AA";
			isa = PBXBuildFile;
			settings = {
				ATTRIBUTES = (
					);
			};
		};
		FDAB802D77F1881C06C89DDB = {
			isa = PBXFileReference;
			path = "/Users/Halcao/Documents/Source Exercise/Qt/VisualSorting/moc_painterpalette.cpp";
			name = "moc_painterpalette.cpp";
			sourceTree = "<absolute>";
			lastKnownFileType = "sourcecode.cpp.cpp";
		};
		B4102F8EE02DA5955BF48207 = {
			fileRef = "FDAB802D77F1881C06C89DDB";
			isa = PBXBuildFile;
			settings = {
				ATTRIBUTES = (
					);
			};
		};
		050F87F9E1117BCBE01154A1 = {
			isa = PBXFileReference;
			path = "/Users/Halcao/Documents/Source Exercise/Qt/VisualSorting/moc_sorter.cpp";
			name = "moc_sorter.cpp";
			sourceTree = "<absolute>";
			lastKnownFileType = "sourcecode.cpp.cpp";
		};
		E2D2D0235D4878E5F10522A5 = {
			fileRef = "050F87F9E1117BCBE01154A1";
			isa = PBXBuildFile;
			settings = {
				ATTRIBUTES = (
					);
			};
		};
		C72BDEB5121EE5F0A622CE7D = {
			isa = PBXFileReference;
			path = "/Users/Halcao/Documents/Source Exercise/Qt/VisualSorting/bubblesorter.h";
			name = "bubblesorter.h";
			sourceTree = "<absolute>";
			lastKnownFileType = "sourcecode.c.h";
		};
		36DE5AA569AA3CBD357B1457 = {
			isa = PBXFileReference;
			path = "/Users/Halcao/Documents/Source Exercise/Qt/VisualSorting/heapsorter.h";
			name = "heapsorter.h";
			sourceTree = "<absolute>";
			lastKnownFileType = "sourcecode.c.h";
		};
		D51401F310A9A8B9CD7A71F1 = {
			isa = PBXFileReference;
			path = "/Users/Halcao/Documents/Source Exercise/Qt/VisualSorting/mainwindow.h";
			name = "mainwindow.h";
			sourceTree = "<absolute>";
			lastKnownFileType = "sourcecode.c.h";
		};
		15906CEB340F31934822E0C2 = {
			isa = PBXFileReference;
			path = "/Users/Halcao/Documents/Source Exercise/Qt/VisualSorting/painterpalette.h";
			name = "painterpalette.h";
			sourceTree = "<absolute>";
			lastKnownFileType = "sourcecode.c.h";
		};
		7A8B3DAC38044D135970BDD9 = {
			isa = PBXFileReference;
			path = "/Users/Halcao/Documents/Source Exercise/Qt/VisualSorting/quicksorter.h";
			name = "quicksorter.h";
			sourceTree = "<absolute>";
			lastKnownFileType = "sourcecode.c.h";
		};
		FAA80243D4BCDE38A456E040 = {
			isa = PBXFileReference;
			path = "/Users/Halcao/Documents/Source Exercise/Qt/VisualSorting/sorter.h";
			name = "sorter.h";
			sourceTree = "<absolute>";
			lastKnownFileType = "sourcecode.c.h";
		};
		62AEBC9D79C4C5FC976B5D27 = {
			isa = PBXFileReference;
			path = "/Users/Halcao/Documents/Source Exercise/Qt/VisualSorting/sorterfactory.h";
			name = "sorterfactory.h";
			sourceTree = "<absolute>";
			lastKnownFileType = "sourcecode.c.h";
		};
		0B49E2B9B887FFD5857E69A1 = {
			isa = PBXFileReference;
			path = "/Users/Halcao/Documents/Source Exercise/Qt/VisualSorting/VisualSorting.pro";
			name = "VisualSorting.pro";
			sourceTree = "<absolute>";
			lastKnownFileType = "text";
		};
		D09DA6FBF2253E805C8FBB17 = {
			isa = PBXFileReference;
			path = "/Users/Halcao/Documents/Source Exercise/Qt/VisualSorting/.qmake.stash";
			name = ".qmake.stash";
			sourceTree = "<absolute>";
		};
		11F76B65BE080190A4D69131 = {
			isa = PBXFileReference;
			path = "/usr/local/Cellar/qt/5.9.1/mkspecs/features/data/dummy.cpp";
			name = "dummy.cpp";
			sourceTree = "<absolute>";
			lastKnownFileType = "sourcecode.cpp.cpp";
		};
		11AFD6F151782839D8A2750C = {
			fileRef = "11F76B65BE080190A4D69131";
			isa = PBXBuildFile;
			settings = {
				ATTRIBUTES = (
					);
			};
		};
		25B08E2869634E9BCBA333A2 = {
			isa = PBXGroup;
			children = (
				"B8DDCC42EC5A585907F73C98",
				"51A6B63996F7C35CCBE523AA",
				"FDAB802D77F1881C06C89DDB",
				"050F87F9E1117BCBE01154A1");
			name = "Generated Sources";
			sourceTree = "<group>";
		};
		2EB56BE3C2D93CDAB0C52E67 = {
			isa = PBXGroup;
			children = (
				"3A756C037F21AC304DE015D6",
				"E8F7DB9BF993926E9DBE291F",
				"011543DD36F78B4000FBAB3C",
				"5F56B23AA47B4EC45E7B970A",
				"4F14CD6FDB67F1BBD96DF9DE",
				"3D1FD05EE23C07E33CF4EC43",
				"774A533A100DCD37D8D9562D",
				"6DA2D93DDDA677342902519D",
				"C72BDEB5121EE5F0A622CE7D",
				"36DE5AA569AA3CBD357B1457",
				"D51401F310A9A8B9CD7A71F1",
				"15906CEB340F31934822E0C2",
				"7A8B3DAC38044D135970BDD9",
				"FAA80243D4BCDE38A456E040",
				"62AEBC9D79C4C5FC976B5D27");
			name = "Sources";
			sourceTree = "<group>";
		};
		B8254625CFD509ED2A24A166 = {
			isa = PBXGroup;
			children = (
				"11F76B65BE080190A4D69131");
			name = "Sources [moc_predefs]";
			sourceTree = "<group>";
		};
		74B182DB50CB5611B5C1C297 = {
			isa = PBXGroup;
			children = (
				"0B49E2B9B887FFD5857E69A1",
				"D09DA6FBF2253E805C8FBB17");
			name = "Supporting Files";
			sourceTree = "<group>";
		};
		7EF0942E79C014DCEC8976BC = {
			buildActionMask = 2147483647;
			files = (
				);
			isa = PBXShellScriptBuildPhase;
			runOnlyForDeploymentPostprocessing = 0;
			name = "Qt Preprocessors";
			shellPath = "/bin/sh";
			shellScript = "make -C '/Users/Halcao/Documents/Source Exercise/Qt/VisualSorting/' -f VisualSorting.xcodeproj/qt_preprocess.mak";
			showEnvVarsInLog = "0";
		};
		F7E50F631C51CD5B5DC0BC43 = {
			buildActionMask = 2147483647;
			files = (
				"58F0D288270463BDD94EFFD4",
				"5DB5A69BDE3FAA62D7A45C5F",
				"1B031F485D4600B74FADEA8A",
				"1656485E38240C18B7140267",
				"E36803F11D945A166177CCDC",
				"6FD4F174EE6AEFBB4F812B27",
				"5320B778B5213ACAE96A609C",
				"DF56EF2890B3AE4BB9748D43",
				"982433B80F93E107E9C92719",
				"BC263ED4E80E84255DE99B82",
				"B4102F8EE02DA5955BF48207",
				"E2D2D0235D4878E5F10522A5",
				"11AFD6F151782839D8A2750C");
			isa = PBXSourcesBuildPhase;
			runOnlyForDeploymentPostprocessing = 0;
			name = "Compile Sources";
		};
		26FB077F01E285C42AEF1627 = {
			isa = PBXFileReference;
			name = "QtWidgets.framework";
			path = "/usr/local/Cellar/qt/5.9.1/lib/QtWidgets.framework";
			refType = 0;
			sourceTree = "<absolute>";
			lastKnownFileType = "wrapper.framework";
		};
		B537134372803027546F936E = {
			fileRef = "26FB077F01E285C42AEF1627";
			isa = PBXBuildFile;
			settings = {
			};
		};
		29CD04F802630A54ABBFAE7F = {
			isa = PBXFileReference;
			name = "QtGui.framework";
			path = "/usr/local/Cellar/qt/5.9.1/lib/QtGui.framework";
			refType = 0;
			sourceTree = "<absolute>";
			lastKnownFileType = "wrapper.framework";
		};
		9887B6B23D47BC46EC7E11C1 = {
			fileRef = "29CD04F802630A54ABBFAE7F";
			isa = PBXBuildFile;
			settings = {
			};
		};
		F86E8D3BAE6BF3F107CC1421 = {
			isa = PBXFileReference;
			name = "QtCore.framework";
			path = "/usr/local/Cellar/qt/5.9.1/lib/QtCore.framework";
			refType = 0;
			sourceTree = "<absolute>";
			lastKnownFileType = "wrapper.framework";
		};
		31F5EE318CBBDCCACCCA3491 = {
			fileRef = "F86E8D3BAE6BF3F107CC1421";
			isa = PBXBuildFile;
			settings = {
			};
		};
		2B774D8E4178765CE52EAAF5 = {
			isa = PBXFileReference;
			name = "DiskArbitration.framework";
			path = "/System/Library/Frameworks/DiskArbitration.framework";
			refType = 0;
			sourceTree = "<absolute>";
			lastKnownFileType = "wrapper.framework";
		};
		A99B2AA0F9CBBDD12BA126A4 = {
			fileRef = "2B774D8E4178765CE52EAAF5";
			isa = PBXBuildFile;
			settings = {
			};
		};
		A1A67BEAA744704B29168D39 = {
			isa = PBXFileReference;
			name = "IOKit.framework";
			path = "/System/Library/Frameworks/IOKit.framework";
			refType = 0;
			sourceTree = "<absolute>";
			lastKnownFileType = "wrapper.framework";
		};
		8D267F2E4776F0ECA2F49DC8 = {
			fileRef = "A1A67BEAA744704B29168D39";
			isa = PBXBuildFile;
			settings = {
			};
		};
		D4B32C2222F82AC56BADEB21 = {
			isa = PBXFileReference;
			name = "OpenGL.framework";
			path = "/System/Library/Frameworks/OpenGL.framework";
			refType = 0;
			sourceTree = "<absolute>";
			lastKnownFileType = "wrapper.framework";
		};
		8771A8C96E9C391044035D99 = {
			fileRef = "D4B32C2222F82AC56BADEB21";
			isa = PBXBuildFile;
			settings = {
			};
		};
		8D9815BDB5BD9F90D2BC05C5 = {
			isa = PBXFileReference;
			name = "AGL.framework";
			path = "/System/Library/Frameworks/AGL.framework";
			refType = 0;
			sourceTree = "<absolute>";
			lastKnownFileType = "wrapper.framework";
		};
		E45E51A644D5FC9F942ECE55 = {
			fileRef = "8D9815BDB5BD9F90D2BC05C5";
			isa = PBXBuildFile;
			settings = {
			};
		};
		AF39DD055C3EF8226FBE929D = {
			children = (
				"26FB077F01E285C42AEF1627",
				"29CD04F802630A54ABBFAE7F",
				"F86E8D3BAE6BF3F107CC1421",
				"2B774D8E4178765CE52EAAF5",
				"A1A67BEAA744704B29168D39",
				"D4B32C2222F82AC56BADEB21",
				"8D9815BDB5BD9F90D2BC05C5");
			isa = PBXGroup;
			name = "Frameworks";
			sourceTree = "<group>";
		};
		D1C883685E82D5676953459A = {
			buildActionMask = 2147483647;
			files = (
				"B537134372803027546F936E",
				"9887B6B23D47BC46EC7E11C1",
				"31F5EE318CBBDCCACCCA3491",
				"A99B2AA0F9CBBDD12BA126A4",
				"8D267F2E4776F0ECA2F49DC8",
				"8771A8C96E9C391044035D99",
				"E45E51A644D5FC9F942ECE55");
			isa = PBXFrameworksBuildPhase;
			runOnlyForDeploymentPostprocessing = 0;
			name = "Link Binary With Libraries";
		};
		30414803F31797EB689AE508 = {
			buildActionMask = 2147483647;
			files = (
				);
			isa = PBXResourcesBuildPhase;
			runOnlyForDeploymentPostprocessing = 0;
			name = "Copy Bundle Resources";
		};
		99542592E9780B9225F24AA8 = {
			isa = PBXCopyFilesBuildPhase;
			buildActionMask = 2147483647;
			dstPath = "";
			dstSubfolderSpec = 10;
			files = (
				);
			name = "Embed Frameworks";
			runOnlyForDeploymentPostprocessing = 0;
		};
		9E1BB919E5247FA4E4B91039 = {
			isa = PBXFileReference;
			includeInIndex = 0;
			explicitFileType = "wrapper.application";
			path = "VisualSorting.app";
			sourceTree = BUILT_PRODUCTS_DIR;
		};
		FE0A091FDBFB3E9C31B7A1BD = {
			children = (
				"9E1BB919E5247FA4E4B91039");
			isa = PBXGroup;
			name = "Products";
			sourceTree = "<group>";
		};
		E8C543AB96796ECAA2E65C57 = {
			children = (
				"2EB56BE3C2D93CDAB0C52E67",
				"25B08E2869634E9BCBA333A2",
				"74B182DB50CB5611B5C1C297",
				"B8254625CFD509ED2A24A166",
				"AF39DD055C3EF8226FBE929D",
				"FE0A091FDBFB3E9C31B7A1BD");
			isa = PBXGroup;
			name = "VisualSorting";
			sourceTree = "<group>";
		};
		70E2801BAAC800E2BC18FF57 = {
			buildPhases = (
				"5E618435888B9D49F8540165",
				"7EF0942E79C014DCEC8976BC");
			dependencies = (
				);
			buildConfigurationList = 6CC3B5D2136C7CD6A5CF5A59;
			isa = PBXAggregateTarget;
			buildRules = (
);
			productName = "Qt Preprocess";
			name = "Qt Preprocess";
		};
		938B64238DB76E298C94792E = {
			isa = PBXTargetDependency;
			target = "70E2801BAAC800E2BC18FF57";
		};
		79676B21544A58F104F2979A = {
			buildPhases = (
				"F7E50F631C51CD5B5DC0BC43",
				"D1C883685E82D5676953459A",
				"30414803F31797EB689AE508",
				"99542592E9780B9225F24AA8");
			dependencies = (
				"938B64238DB76E298C94792E");
			productReference = "9E1BB919E5247FA4E4B91039";
			buildConfigurationList = 6CC3B5D2136C7CD6A5CF5A59;
			isa = PBXNativeTarget;
			buildRules = (
);
			productType = "com.apple.product-type.application";
			name = "VisualSorting";
			productName = "VisualSorting";
		};
		3AA6C32AC930069E80220CF1 = {
			isa = XCBuildConfiguration;
			buildSettings = {
				APPLICATION_EXTENSION_API_ONLY = "NO";
				"ARCHS[sdk=macosx*]" = "x86_64";
				COPY_PHASE_STRIP = "NO";
				DEVELOPMENT_TEAM = "TYRRVX7RWJ";
				ENABLE_BITCODE = "NO";
				GCC_GENERATE_DEBUGGING_SYMBOLS = "YES";
				GCC_OPTIMIZATION_LEVEL = "0";
				ONLY_ACTIVE_ARCH = "YES";
				PRODUCT_NAME = "VisualSorting";
				QT_LIBRARY_SUFFIX = "";
				SDKROOT = "macosx";
				GCC_VERSION = com.apple.compilers.llvm.clang.1_0;
				CC = "/Applications/Xcode.app/Contents/Developer/Toolchains/XcodeDefault.xctoolchain/usr/bin/clang";
				LDPLUSPLUS = "/Applications/Xcode.app/Contents/Developer/Toolchains/XcodeDefault.xctoolchain/usr/bin/clang++";
				INFOPLIST_FILE = "Info.plist";
				SYMROOT = "/Users/Halcao/Documents/Source Exercise/Qt/VisualSorting/";
				DYLIB_CURRENT_VERSION = "1.0.0";
				DYLIB_COMPATIBILITY_VERSION = "1.0";
				MACOSX_DEPLOYMENT_TARGET = "10.10";
				HEADER_SEARCH_PATHS = (
					".",
					".",
					"/usr/local/Cellar/qt/5.9.1/lib/QtWidgets.framework/Headers",
					"/usr/local/Cellar/qt/5.9.1/lib/QtGui.framework/Headers",
					"/usr/local/Cellar/qt/5.9.1/lib/QtCore.framework/Headers",
					".",
					"/Applications/Xcode.app/Contents/Developer/Platforms/MacOSX.platform/Developer/SDKs/MacOSX10.12.sdk/System/Library/Frameworks/OpenGL.framework/Headers",
					"/Applications/Xcode.app/Contents/Developer/Platforms/MacOSX.platform/Developer/SDKs/MacOSX10.12.sdk/System/Library/Frameworks/AGL.framework/Headers",
					"/usr/local/Cellar/qt/5.9.1/mkspecs/macx-clang");
				LIBRARY_SEARCH_PATHS = (
					"/usr/local/Cellar/qt/5.9.1/lib",
					"/System/Library/Frameworks/");
				FRAMEWORK_SEARCH_PATHS = (
					"/usr/local/Cellar/qt/5.9.1/lib",
					"/usr/local/Cellar/qt/5.9.1/lib");
				OTHER_CFLAGS = (
					"-pipe",
					"-O2",
					"-Wall",
					"-W",
					"-fPIC",
					"-DQT_DEPRECATED_WARNINGS",
					"-DQT_NO_DEBUG",
					"-DQT_WIDGETS_LIB",
					"-DQT_GUI_LIB",
					"-DQT_CORE_LIB");
				OTHER_CPLUSPLUSFLAGS = (
					"-pipe",
					"-stdlib=libc++",
					"-O2",
					"-std=gnu++11",
					"-Wall",
					"-W",
					"-fPIC",
					"-DQT_DEPRECATED_WARNINGS",
					"-DQT_NO_DEBUG",
					"-DQT_WIDGETS_LIB",
					"-DQT_GUI_LIB",
					"-DQT_CORE_LIB");
				OTHER_LDFLAGS = (
						"-stdlib=libc++",
						"-headerpad_max_install_names",
						"-Wl,-rpath,@executable_path/Frameworks",
						"-F/usr/local/Cellar/qt/5.9.1/lib");
				ARCHS = "x86_64";
			};
			name = "Debug";
		};
		77418F46922677BB04ED38DD = {
			isa = XCBuildConfiguration;
			buildSettings = {
				APPLICATION_EXTENSION_API_ONLY = "NO";
				"ARCHS[sdk=macosx*]" = "x86_64";
				COPY_PHASE_STRIP = "NO";
				DEVELOPMENT_TEAM = "TYRRVX7RWJ";
				ENABLE_BITCODE = "NO";
				GCC_GENERATE_DEBUGGING_SYMBOLS = "YES";
				GCC_OPTIMIZATION_LEVEL = "0";
				ONLY_ACTIVE_ARCH = "YES";
				PRODUCT_NAME = "VisualSorting";
				QT_LIBRARY_SUFFIX = "";
				SDKROOT = "macosx";
				PRODUCT_NAME = "VisualSorting";
			};
			name = "Debug";
		};
		339EE1B2CC4FC24589A0EA95 = {
			isa = XCBuildConfiguration;
			buildSettings = {
				APPLICATION_EXTENSION_API_ONLY = "NO";
				"ARCHS[sdk=macosx*]" = "x86_64";
				COPY_PHASE_STRIP = "YES";
				DEVELOPMENT_TEAM = "TYRRVX7RWJ";
				ENABLE_BITCODE = "NO";
				GCC_GENERATE_DEBUGGING_SYMBOLS = "NO";
				PRODUCT_NAME = "VisualSorting";
				QT_LIBRARY_SUFFIX = "";
				SDKROOT = "macosx";
				GCC_VERSION = com.apple.compilers.llvm.clang.1_0;
				CC = "/Applications/Xcode.app/Contents/Developer/Toolchains/XcodeDefault.xctoolchain/usr/bin/clang";
				LDPLUSPLUS = "/Applications/Xcode.app/Contents/Developer/Toolchains/XcodeDefault.xctoolchain/usr/bin/clang++";
				INFOPLIST_FILE = "Info.plist";
				SYMROOT = "/Users/Halcao/Documents/Source Exercise/Qt/VisualSorting/";
				DYLIB_CURRENT_VERSION = "1.0.0";
				DYLIB_COMPATIBILITY_VERSION = "1.0";
				MACOSX_DEPLOYMENT_TARGET = "10.10";
				HEADER_SEARCH_PATHS = (
					".",
					".",
					"/usr/local/Cellar/qt/5.9.1/lib/QtWidgets.framework/Headers",
					"/usr/local/Cellar/qt/5.9.1/lib/QtGui.framework/Headers",
					"/usr/local/Cellar/qt/5.9.1/lib/QtCore.framework/Headers",
					".",
					"/Applications/Xcode.app/Contents/Developer/Platforms/MacOSX.platform/Developer/SDKs/MacOSX10.12.sdk/System/Library/Frameworks/OpenGL.framework/Headers",
					"/Applications/Xcode.app/Contents/Developer/Platforms/MacOSX.platform/Developer/SDKs/MacOSX10.12.sdk/System/Library/Frameworks/AGL.framework/Headers",
					"/usr/local/Cellar/qt/5.9.1/mkspecs/macx-clang");
				LIBRARY_SEARCH_PATHS = (
					"/usr/local/Cellar/qt/5.9.1/lib",
					"/System/Library/Frameworks/");
				FRAMEWORK_SEARCH_PATHS = (
					"/usr/local/Cellar/qt/5.9.1/lib",
					"/usr/local/Cellar/qt/5.9.1/lib");
				OTHER_CFLAGS = (
					"-pipe",
					"-O2",
					"-Wall",
					"-W",
					"-fPIC",
					"-DQT_DEPRECATED_WARNINGS",
					"-DQT_NO_DEBUG",
					"-DQT_WIDGETS_LIB",
					"-DQT_GUI_LIB",
					"-DQT_CORE_LIB");
				OTHER_CPLUSPLUSFLAGS = (
					"-pipe",
					"-stdlib=libc++",
					"-O2",
					"-std=gnu++11",
					"-Wall",
					"-W",
					"-fPIC",
					"-DQT_DEPRECATED_WARNINGS",
					"-DQT_NO_DEBUG",
					"-DQT_WIDGETS_LIB",
					"-DQT_GUI_LIB",
					"-DQT_CORE_LIB");
				OTHER_LDFLAGS = (
						"-stdlib=libc++",
						"-headerpad_max_install_names",
						"-Wl,-rpath,@executable_path/Frameworks",
						"-F/usr/local/Cellar/qt/5.9.1/lib");
				ARCHS = "x86_64";
			};
			name = "Release";
		};
		6666AA5E688052234F6758D8 = {
			isa = XCBuildConfiguration;
			buildSettings = {
				APPLICATION_EXTENSION_API_ONLY = "NO";
				"ARCHS[sdk=macosx*]" = "x86_64";
				COPY_PHASE_STRIP = "YES";
				DEVELOPMENT_TEAM = "TYRRVX7RWJ";
				ENABLE_BITCODE = "NO";
				GCC_GENERATE_DEBUGGING_SYMBOLS = "NO";
				PRODUCT_NAME = "VisualSorting";
				QT_LIBRARY_SUFFIX = "";
				SDKROOT = "macosx";
				PRODUCT_NAME = "VisualSorting";
			};
			name = "Release";
		};
		DAC4C1AA5EDEA1C85E9CA5E6 = {
			isa = XCConfigurationList;
			buildConfigurations = (
				"3AA6C32AC930069E80220CF1",
				"339EE1B2CC4FC24589A0EA95");
			defaultConfigurationIsVisible = 0;
			defaultConfigurationName = "Release";
		};
		6CC3B5D2136C7CD6A5CF5A59 = {
			isa = XCConfigurationList;
			buildConfigurations = (
				"77418F46922677BB04ED38DD",
				"6666AA5E688052234F6758D8");
			defaultConfigurationIsVisible = 0;
			defaultConfigurationName = "Release";
		};
		6DB9C3763D02B1415CD9D565 = {
			hasScannedForEncodings = 1;
			compatibilityVersion = "Xcode 3.2";
			isa = PBXProject;
			mainGroup = "E8C543AB96796ECAA2E65C57";
			productRefGroup = "FE0A091FDBFB3E9C31B7A1BD";
			buildConfigurationList = "DAC4C1AA5EDEA1C85E9CA5E6";
			projectDirPath = "";
			projectRoot = "";
			targets = (
				"79676B21544A58F104F2979A",
				"70E2801BAAC800E2BC18FF57");
			attributes = {
				TargetAttributes = {
				};
			};
		};
	};
	rootObject = "6DB9C3763D02B1415CD9D565";
}
